// !$*UTF8*$!
{
	archiveVersion = 1;
	classes = {
	};
	objectVersion = 56;
	objects = {

/* Begin PBXBuildFile section */
		7D0C005B2CF1DC530026EB88 /* Localizable.xcstrings in Resources */ = {isa = PBXBuildFile; fileRef = 7D0C005A2CF1DC530026EB88 /* Localizable.xcstrings */; };
		7D1AEFCA2C9F146000DD05FC /* KoCoApp.swift in Sources */ = {isa = PBXBuildFile; fileRef = 7D1AEFC92C9F146000DD05FC /* KoCoApp.swift */; };
		7D1AEFCC2C9F146000DD05FC /* ContentView.swift in Sources */ = {isa = PBXBuildFile; fileRef = 7D1AEFCB2C9F146000DD05FC /* ContentView.swift */; };
		7D1AEFCE2C9F146200DD05FC /* Assets.xcassets in Resources */ = {isa = PBXBuildFile; fileRef = 7D1AEFCD2C9F146200DD05FC /* Assets.xcassets */; };
		7D1AEFD12C9F146200DD05FC /* Preview Assets.xcassets in Resources */ = {isa = PBXBuildFile; fileRef = 7D1AEFD02C9F146200DD05FC /* Preview Assets.xcassets */; };
		7D50ECCE2CB285B200B34B91 /* StoreWebView.swift in Sources */ = {isa = PBXBuildFile; fileRef = 7D50ECCD2CB285B200B34B91 /* StoreWebView.swift */; };
		7D50ECD22CB28D7500B34B91 /* WebView.swift in Sources */ = {isa = PBXBuildFile; fileRef = 7D50ECD12CB28D7500B34B91 /* WebView.swift */; };
		7D50ECD62CB2BEF200B34B91 /* TextModifier.swift in Sources */ = {isa = PBXBuildFile; fileRef = 7D50ECD52CB2BEF200B34B91 /* TextModifier.swift */; };
		7D50ECD92CB2C19800B34B91 /* View++.swift in Sources */ = {isa = PBXBuildFile; fileRef = 7D50ECD82CB2C19800B34B91 /* View++.swift */; };
		7D50ECDC2CB2C92C00B34B91 /* ReviewWriteView.swift in Sources */ = {isa = PBXBuildFile; fileRef = 7D50ECDB2CB2C92C00B34B91 /* ReviewWriteView.swift */; };
		7D50ECDE2CB2F02C00B34B91 /* ViewModifier.swift in Sources */ = {isa = PBXBuildFile; fileRef = 7D50ECDD2CB2F02C00B34B91 /* ViewModifier.swift */; };
		7D50ED072CB3BF0300B34B91 /* ShowDetailToggleButton.swift in Sources */ = {isa = PBXBuildFile; fileRef = 7D50ED062CB3BF0300B34B91 /* ShowDetailToggleButton.swift */; };
		7D50ED0C2CB3F1C800B34B91 /* BaisicAsyncImage.swift in Sources */ = {isa = PBXBuildFile; fileRef = 7D50ED0B2CB3F1C800B34B91 /* BaisicAsyncImage.swift */; };
		7D9A86B22CCBDCC300E0E415 /* ReviewSectionView.swift in Sources */ = {isa = PBXBuildFile; fileRef = 7D9A86B12CCBDCC300E0E415 /* ReviewSectionView.swift */; };
		7D9A86B42CCBFC1900E0E415 /* HStackMultipleLinesView.swift in Sources */ = {isa = PBXBuildFile; fileRef = 7D9A86B32CCBFC1900E0E415 /* HStackMultipleLinesView.swift */; };
		7D9A86B62CCCDA2D00E0E415 /* StarRatingView.swift in Sources */ = {isa = PBXBuildFile; fileRef = 7D9A86B52CCCDA2D00E0E415 /* StarRatingView.swift */; };
		7D9A86B82CCD1D1000E0E415 /* ReviewWriteViewModel.swift in Sources */ = {isa = PBXBuildFile; fileRef = 7D9A86B72CCD1D1000E0E415 /* ReviewWriteViewModel.swift */; };
		7D9A86BB2CCD22D800E0E415 /* RepositoryType.swift in Sources */ = {isa = PBXBuildFile; fileRef = 7D9A86BA2CCD22D800E0E415 /* RepositoryType.swift */; };
		7D9A86BD2CCD23F000E0E415 /* BaseRepository.swift in Sources */ = {isa = PBXBuildFile; fileRef = 7D9A86BC2CCD23F000E0E415 /* BaseRepository.swift */; };
		7D9A86C12CCE310C00E0E415 /* MyStoreDocumentsDTO.swift in Sources */ = {isa = PBXBuildFile; fileRef = 7D9A86C02CCE310C00E0E415 /* MyStoreDocumentsDTO.swift */; };
		7D9A86C62CE1D3EB00E0E415 /* MyStoreRepository.swift in Sources */ = {isa = PBXBuildFile; fileRef = 7D9A86C52CE1D3EB00E0E415 /* MyStoreRepository.swift */; };
		7D9A86D22CE1E94900E0E415 /* RealmSwift in Frameworks */ = {isa = PBXBuildFile; productRef = 7D9A86D12CE1E94900E0E415 /* RealmSwift */; };
		7D9A86D32CE1EA5B00E0E415 /* RealmSwift in Embed Frameworks */ = {isa = PBXBuildFile; productRef = 7D9A86D12CE1E94900E0E415 /* RealmSwift */; settings = {ATTRIBUTES = (CodeSignOnCopy, ); }; };
		7D9A86D72CE339CC00E0E415 /* ReviewTag.swift in Sources */ = {isa = PBXBuildFile; fileRef = 7D9A86D62CE339CC00E0E415 /* ReviewTag.swift */; };
		7D9A86DB2CE365A600E0E415 /* ImageSavingManager.swift in Sources */ = {isa = PBXBuildFile; fileRef = 7D9A86DA2CE365A600E0E415 /* ImageSavingManager.swift */; };
		7D9A86DD2CE7450200E0E415 /* DateFormatManager.swift in Sources */ = {isa = PBXBuildFile; fileRef = 7D9A86DC2CE7450200E0E415 /* DateFormatManager.swift */; };
		7D9A86DF2CE8E85500E0E415 /* CircleMenuView.swift in Sources */ = {isa = PBXBuildFile; fileRef = 7D9A86DE2CE8E85500E0E415 /* CircleMenuView.swift */; };
		7D9A86E22CE9927500E0E415 /* MyStoreListView.swift in Sources */ = {isa = PBXBuildFile; fileRef = 7D9A86E12CE9927500E0E415 /* MyStoreListView.swift */; };
		7D9A86E42CE9951700E0E415 /* MyStoreListViewModel.swift in Sources */ = {isa = PBXBuildFile; fileRef = 7D9A86E32CE9951300E0E415 /* MyStoreListViewModel.swift */; };
		7D9A86E62CE9AD4600E0E415 /* StoreInfoHeaderView.swift in Sources */ = {isa = PBXBuildFile; fileRef = 7D9A86E52CE9AD4500E0E415 /* StoreInfoHeaderView.swift */; };
		7D9B54812CFAF33300253A5F /* SearchStoreImage.swift in Sources */ = {isa = PBXBuildFile; fileRef = 7D9B54802CFAF33300253A5F /* SearchStoreImage.swift */; };
		7D9B54832D02B61F00253A5F /* ImageModifier.swift in Sources */ = {isa = PBXBuildFile; fileRef = 7D9B54822D02B61F00253A5F /* ImageModifier.swift */; };
		7DBBAA922CA2F5E5009171D2 /* MapView.swift in Sources */ = {isa = PBXBuildFile; fileRef = 7DBBAA912CA2F5E5009171D2 /* MapView.swift */; };
		7DBBAA942CAC0FDE009171D2 /* LocationManager.swift in Sources */ = {isa = PBXBuildFile; fileRef = 7DBBAA932CAC0FDE009171D2 /* LocationManager.swift */; };
		7DBBAA962CAC15A9009171D2 /* MapViewModel.swift in Sources */ = {isa = PBXBuildFile; fileRef = 7DBBAA952CAC15A9009171D2 /* MapViewModel.swift */; };
		7DBBAA992CACC968009171D2 /* NetworkManager.swift in Sources */ = {isa = PBXBuildFile; fileRef = 7DBBAA982CACC968009171D2 /* NetworkManager.swift */; };
		7DBBAA9B2CACC9B4009171D2 /* TargetType.swift in Sources */ = {isa = PBXBuildFile; fileRef = 7DBBAA9A2CACC9B4009171D2 /* TargetType.swift */; };
		7DBBAA9E2CACC9E2009171D2 /* Alamofire in Frameworks */ = {isa = PBXBuildFile; productRef = 7DBBAA9D2CACC9E2009171D2 /* Alamofire */; };
		7DBBAAA02CACCA38009171D2 /* Router.swift in Sources */ = {isa = PBXBuildFile; fileRef = 7DBBAA9F2CACCA38009171D2 /* Router.swift */; };
		7DBBAAA22CACCA79009171D2 /* .gitignore in Resources */ = {isa = PBXBuildFile; fileRef = 7DBBAAA12CACCA79009171D2 /* .gitignore */; };
		7DBBAAA42CACCA96009171D2 /* APIURL.swift in Sources */ = {isa = PBXBuildFile; fileRef = 7DBBAAA32CACCA96009171D2 /* APIURL.swift */; };
		7DBBAAA62CACCAB7009171D2 /* APIKey.swift in Sources */ = {isa = PBXBuildFile; fileRef = 7DBBAAA52CACCAB6009171D2 /* APIKey.swift */; };
		7DBBAAAA2CAD364B009171D2 /* SearchLocation.swift in Sources */ = {isa = PBXBuildFile; fileRef = 7DBBAAA92CAD364B009171D2 /* SearchLocation.swift */; };
		7DBBAAAD2CAD474C009171D2 /* KakaoMapsSDK-SPM in Frameworks */ = {isa = PBXBuildFile; productRef = 7DBBAAAC2CAD474C009171D2 /* KakaoMapsSDK-SPM */; };
		7DBBAAB02CAD6047009171D2 /* ViewModelType.swift in Sources */ = {isa = PBXBuildFile; fileRef = 7DBBAAAF2CAD6046009171D2 /* ViewModelType.swift */; };
		7DBBAAB22CAD609D009171D2 /* KakaoMapView.swift in Sources */ = {isa = PBXBuildFile; fileRef = 7DBBAAB12CAD609D009171D2 /* KakaoMapView.swift */; };
		7DBBAAB52CAD6100009171D2 /* NameSpace.swift in Sources */ = {isa = PBXBuildFile; fileRef = 7DBBAAB42CAD6100009171D2 /* NameSpace.swift */; };
		7DBBAAB72CAD6143009171D2 /* KakaoMapCoordinator.swift in Sources */ = {isa = PBXBuildFile; fileRef = 7DBBAAB62CAD6143009171D2 /* KakaoMapCoordinator.swift */; };
		7DBBAABB2CAD6258009171D2 /* BottomSheetView.swift in Sources */ = {isa = PBXBuildFile; fileRef = 7DBBAABA2CAD6258009171D2 /* BottomSheetView.swift */; };
		7DBBAABE2CAD62BA009171D2 /* Colors.xcassets in Resources */ = {isa = PBXBuildFile; fileRef = 7DBBAABD2CAD62BA009171D2 /* Colors.xcassets */; };
		7DBBAAC12CAD63F6009171D2 /* AppDelegate.swift in Sources */ = {isa = PBXBuildFile; fileRef = 7DBBAAC02CAD63F6009171D2 /* AppDelegate.swift */; };
/* End PBXBuildFile section */

/* Begin PBXCopyFilesBuildPhase section */
		7D9A86D42CE1EA5B00E0E415 /* Embed Frameworks */ = {
			isa = PBXCopyFilesBuildPhase;
			buildActionMask = 2147483647;
			dstPath = "";
			dstSubfolderSpec = 10;
			files = (
				7D9A86D32CE1EA5B00E0E415 /* RealmSwift in Embed Frameworks */,
			);
			name = "Embed Frameworks";
			runOnlyForDeploymentPostprocessing = 0;
		};
/* End PBXCopyFilesBuildPhase section */

/* Begin PBXFileReference section */
		7D0C005A2CF1DC530026EB88 /* Localizable.xcstrings */ = {isa = PBXFileReference; lastKnownFileType = text.json.xcstrings; path = Localizable.xcstrings; sourceTree = "<group>"; };
		7D1AEFC62C9F146000DD05FC /* KoCo.app */ = {isa = PBXFileReference; explicitFileType = wrapper.application; includeInIndex = 0; path = KoCo.app; sourceTree = BUILT_PRODUCTS_DIR; };
		7D1AEFC92C9F146000DD05FC /* KoCoApp.swift */ = {isa = PBXFileReference; lastKnownFileType = sourcecode.swift; path = KoCoApp.swift; sourceTree = "<group>"; };
		7D1AEFCB2C9F146000DD05FC /* ContentView.swift */ = {isa = PBXFileReference; lastKnownFileType = sourcecode.swift; path = ContentView.swift; sourceTree = "<group>"; };
		7D1AEFCD2C9F146200DD05FC /* Assets.xcassets */ = {isa = PBXFileReference; lastKnownFileType = folder.assetcatalog; path = Assets.xcassets; sourceTree = "<group>"; };
		7D1AEFD02C9F146200DD05FC /* Preview Assets.xcassets */ = {isa = PBXFileReference; lastKnownFileType = folder.assetcatalog; path = "Preview Assets.xcassets"; sourceTree = "<group>"; };
		7D50ECCD2CB285B200B34B91 /* StoreWebView.swift */ = {isa = PBXFileReference; lastKnownFileType = sourcecode.swift; path = StoreWebView.swift; sourceTree = "<group>"; };
		7D50ECD12CB28D7500B34B91 /* WebView.swift */ = {isa = PBXFileReference; lastKnownFileType = sourcecode.swift; path = WebView.swift; sourceTree = "<group>"; };
		7D50ECD32CB29B8200B34B91 /* Info.plist */ = {isa = PBXFileReference; lastKnownFileType = text.plist.xml; path = Info.plist; sourceTree = "<group>"; };
		7D50ECD52CB2BEF200B34B91 /* TextModifier.swift */ = {isa = PBXFileReference; lastKnownFileType = sourcecode.swift; path = TextModifier.swift; sourceTree = "<group>"; };
		7D50ECD82CB2C19800B34B91 /* View++.swift */ = {isa = PBXFileReference; lastKnownFileType = sourcecode.swift; path = "View++.swift"; sourceTree = "<group>"; };
		7D50ECDB2CB2C92C00B34B91 /* ReviewWriteView.swift */ = {isa = PBXFileReference; lastKnownFileType = sourcecode.swift; path = ReviewWriteView.swift; sourceTree = "<group>"; };
		7D50ECDD2CB2F02C00B34B91 /* ViewModifier.swift */ = {isa = PBXFileReference; lastKnownFileType = sourcecode.swift; path = ViewModifier.swift; sourceTree = "<group>"; };
		7D50ED062CB3BF0300B34B91 /* ShowDetailToggleButton.swift */ = {isa = PBXFileReference; lastKnownFileType = sourcecode.swift; path = ShowDetailToggleButton.swift; sourceTree = "<group>"; };
		7D50ED0B2CB3F1C800B34B91 /* BaisicAsyncImage.swift */ = {isa = PBXFileReference; lastKnownFileType = sourcecode.swift; path = BaisicAsyncImage.swift; sourceTree = "<group>"; };
		7D9A86B12CCBDCC300E0E415 /* ReviewSectionView.swift */ = {isa = PBXFileReference; lastKnownFileType = sourcecode.swift; path = ReviewSectionView.swift; sourceTree = "<group>"; };
		7D9A86B32CCBFC1900E0E415 /* HStackMultipleLinesView.swift */ = {isa = PBXFileReference; lastKnownFileType = sourcecode.swift; path = HStackMultipleLinesView.swift; sourceTree = "<group>"; };
		7D9A86B52CCCDA2D00E0E415 /* StarRatingView.swift */ = {isa = PBXFileReference; lastKnownFileType = sourcecode.swift; path = StarRatingView.swift; sourceTree = "<group>"; };
		7D9A86B72CCD1D1000E0E415 /* ReviewWriteViewModel.swift */ = {isa = PBXFileReference; lastKnownFileType = sourcecode.swift; path = ReviewWriteViewModel.swift; sourceTree = "<group>"; };
		7D9A86BA2CCD22D800E0E415 /* RepositoryType.swift */ = {isa = PBXFileReference; lastKnownFileType = sourcecode.swift; path = RepositoryType.swift; sourceTree = "<group>"; };
		7D9A86BC2CCD23F000E0E415 /* BaseRepository.swift */ = {isa = PBXFileReference; lastKnownFileType = sourcecode.swift; path = BaseRepository.swift; sourceTree = "<group>"; };
		7D9A86C02CCE310C00E0E415 /* MyStoreDocumentsDTO.swift */ = {isa = PBXFileReference; lastKnownFileType = sourcecode.swift; path = MyStoreDocumentsDTO.swift; sourceTree = "<group>"; };
		7D9A86C52CE1D3EB00E0E415 /* MyStoreRepository.swift */ = {isa = PBXFileReference; lastKnownFileType = sourcecode.swift; path = MyStoreRepository.swift; sourceTree = "<group>"; };
		7D9A86D62CE339CC00E0E415 /* ReviewTag.swift */ = {isa = PBXFileReference; lastKnownFileType = sourcecode.swift; path = ReviewTag.swift; sourceTree = "<group>"; };
		7D9A86DA2CE365A600E0E415 /* ImageSavingManager.swift */ = {isa = PBXFileReference; lastKnownFileType = sourcecode.swift; path = ImageSavingManager.swift; sourceTree = "<group>"; };
		7D9A86DC2CE7450200E0E415 /* DateFormatManager.swift */ = {isa = PBXFileReference; lastKnownFileType = sourcecode.swift; path = DateFormatManager.swift; sourceTree = "<group>"; };
		7D9A86DE2CE8E85500E0E415 /* CircleMenuView.swift */ = {isa = PBXFileReference; lastKnownFileType = sourcecode.swift; path = CircleMenuView.swift; sourceTree = "<group>"; };
		7D9A86E12CE9927500E0E415 /* MyStoreListView.swift */ = {isa = PBXFileReference; lastKnownFileType = sourcecode.swift; path = MyStoreListView.swift; sourceTree = "<group>"; };
		7D9A86E32CE9951300E0E415 /* MyStoreListViewModel.swift */ = {isa = PBXFileReference; lastKnownFileType = sourcecode.swift; path = MyStoreListViewModel.swift; sourceTree = "<group>"; };
		7D9A86E52CE9AD4500E0E415 /* StoreInfoHeaderView.swift */ = {isa = PBXFileReference; lastKnownFileType = sourcecode.swift; path = StoreInfoHeaderView.swift; sourceTree = "<group>"; };
		7D9B54802CFAF33300253A5F /* SearchStoreImage.swift */ = {isa = PBXFileReference; lastKnownFileType = sourcecode.swift; path = SearchStoreImage.swift; sourceTree = "<group>"; };
		7D9B54822D02B61F00253A5F /* ImageModifier.swift */ = {isa = PBXFileReference; lastKnownFileType = sourcecode.swift; path = ImageModifier.swift; sourceTree = "<group>"; };
		7DBBAA912CA2F5E5009171D2 /* MapView.swift */ = {isa = PBXFileReference; lastKnownFileType = sourcecode.swift; path = MapView.swift; sourceTree = "<group>"; };
		7DBBAA932CAC0FDE009171D2 /* LocationManager.swift */ = {isa = PBXFileReference; lastKnownFileType = sourcecode.swift; path = LocationManager.swift; sourceTree = "<group>"; };
		7DBBAA952CAC15A9009171D2 /* MapViewModel.swift */ = {isa = PBXFileReference; lastKnownFileType = sourcecode.swift; path = MapViewModel.swift; sourceTree = "<group>"; };
		7DBBAA982CACC968009171D2 /* NetworkManager.swift */ = {isa = PBXFileReference; lastKnownFileType = sourcecode.swift; path = NetworkManager.swift; sourceTree = "<group>"; };
		7DBBAA9A2CACC9B4009171D2 /* TargetType.swift */ = {isa = PBXFileReference; lastKnownFileType = sourcecode.swift; path = TargetType.swift; sourceTree = "<group>"; };
		7DBBAA9F2CACCA38009171D2 /* Router.swift */ = {isa = PBXFileReference; lastKnownFileType = sourcecode.swift; path = Router.swift; sourceTree = "<group>"; };
		7DBBAAA12CACCA79009171D2 /* .gitignore */ = {isa = PBXFileReference; lastKnownFileType = text; path = .gitignore; sourceTree = "<group>"; };
		7DBBAAA32CACCA96009171D2 /* APIURL.swift */ = {isa = PBXFileReference; lastKnownFileType = sourcecode.swift; path = APIURL.swift; sourceTree = "<group>"; };
		7DBBAAA52CACCAB6009171D2 /* APIKey.swift */ = {isa = PBXFileReference; lastKnownFileType = sourcecode.swift; path = APIKey.swift; sourceTree = "<group>"; };
		7DBBAAA92CAD364B009171D2 /* SearchLocation.swift */ = {isa = PBXFileReference; lastKnownFileType = sourcecode.swift; path = SearchLocation.swift; sourceTree = "<group>"; };
		7DBBAAAF2CAD6046009171D2 /* ViewModelType.swift */ = {isa = PBXFileReference; lastKnownFileType = sourcecode.swift; path = ViewModelType.swift; sourceTree = "<group>"; };
		7DBBAAB12CAD609D009171D2 /* KakaoMapView.swift */ = {isa = PBXFileReference; lastKnownFileType = sourcecode.swift; path = KakaoMapView.swift; sourceTree = "<group>"; };
		7DBBAAB42CAD6100009171D2 /* NameSpace.swift */ = {isa = PBXFileReference; lastKnownFileType = sourcecode.swift; path = NameSpace.swift; sourceTree = "<group>"; };
		7DBBAAB62CAD6143009171D2 /* KakaoMapCoordinator.swift */ = {isa = PBXFileReference; lastKnownFileType = sourcecode.swift; path = KakaoMapCoordinator.swift; sourceTree = "<group>"; };
		7DBBAABA2CAD6258009171D2 /* BottomSheetView.swift */ = {isa = PBXFileReference; lastKnownFileType = sourcecode.swift; path = BottomSheetView.swift; sourceTree = "<group>"; };
		7DBBAABD2CAD62BA009171D2 /* Colors.xcassets */ = {isa = PBXFileReference; lastKnownFileType = folder.assetcatalog; path = Colors.xcassets; sourceTree = "<group>"; };
		7DBBAAC02CAD63F6009171D2 /* AppDelegate.swift */ = {isa = PBXFileReference; lastKnownFileType = sourcecode.swift; path = AppDelegate.swift; sourceTree = "<group>"; };
/* End PBXFileReference section */

/* Begin PBXFrameworksBuildPhase section */
		7D1AEFC32C9F146000DD05FC /* Frameworks */ = {
			isa = PBXFrameworksBuildPhase;
			buildActionMask = 2147483647;
			files = (
				7D9A86D22CE1E94900E0E415 /* RealmSwift in Frameworks */,
				7DBBAA9E2CACC9E2009171D2 /* Alamofire in Frameworks */,
				7DBBAAAD2CAD474C009171D2 /* KakaoMapsSDK-SPM in Frameworks */,
			);
			runOnlyForDeploymentPostprocessing = 0;
		};
/* End PBXFrameworksBuildPhase section */

/* Begin PBXGroup section */
		7D1AEFBD2C9F146000DD05FC = {
			isa = PBXGroup;
			children = (
				7D0C005A2CF1DC530026EB88 /* Localizable.xcstrings */,
				7DBBAAA12CACCA79009171D2 /* .gitignore */,
				7D1AEFC82C9F146000DD05FC /* KoCo */,
				7D1AEFC72C9F146000DD05FC /* Products */,
			);
			sourceTree = "<group>";
		};
		7D1AEFC72C9F146000DD05FC /* Products */ = {
			isa = PBXGroup;
			children = (
				7D1AEFC62C9F146000DD05FC /* KoCo.app */,
			);
			name = Products;
			sourceTree = "<group>";
		};
		7D1AEFC82C9F146000DD05FC /* KoCo */ = {
			isa = PBXGroup;
			children = (
				7D50ECD72CB2C18A00B34B91 /* Extensions */,
				7D50ECD42CB2BEDB00B34B91 /* CustomViewModifier */,
				7D50ECD32CB29B8200B34B91 /* Info.plist */,
				7DBBAABF2CAD63E6009171D2 /* SupportingFiles */,
				7DBBAABC2CAD6292009171D2 /* Assets */,
				7DBBAAB82CAD623E009171D2 /* CustomView */,
				7DBBAAB32CAD60F3009171D2 /* Common */,
				7DBBAAAE2CAD6036009171D2 /* Protocols */,
				7DBBAAA72CAD35A8009171D2 /* Models */,
				7DBBAA972CACC951009171D2 /* Networking */,
				7DBBAA8F2CA2F5A6009171D2 /* Presentation */,
				7D9A86BE2CCE2F4200E0E415 /* Data */,
				7D1AEFC92C9F146000DD05FC /* KoCoApp.swift */,
				7D1AEFCB2C9F146000DD05FC /* ContentView.swift */,
				7D1AEFCF2C9F146200DD05FC /* Preview Content */,
			);
			path = KoCo;
			sourceTree = "<group>";
		};
		7D1AEFCF2C9F146200DD05FC /* Preview Content */ = {
			isa = PBXGroup;
			children = (
				7D1AEFD02C9F146200DD05FC /* Preview Assets.xcassets */,
			);
			path = "Preview Content";
			sourceTree = "<group>";
		};
		7D50ECCC2CB2851E00B34B91 /* StoreWebView */ = {
			isa = PBXGroup;
			children = (
				7D50ECCD2CB285B200B34B91 /* StoreWebView.swift */,
			);
			path = StoreWebView;
			sourceTree = "<group>";
		};
		7D50ECD02CB28D6200B34B91 /* WebView */ = {
			isa = PBXGroup;
			children = (
				7D50ECD12CB28D7500B34B91 /* WebView.swift */,
			);
			path = WebView;
			sourceTree = "<group>";
		};
		7D50ECD42CB2BEDB00B34B91 /* CustomViewModifier */ = {
			isa = PBXGroup;
			children = (
				7D50ECD52CB2BEF200B34B91 /* TextModifier.swift */,
				7D50ECDD2CB2F02C00B34B91 /* ViewModifier.swift */,
				7D9B54822D02B61F00253A5F /* ImageModifier.swift */,
			);
			path = CustomViewModifier;
			sourceTree = "<group>";
		};
		7D50ECD72CB2C18A00B34B91 /* Extensions */ = {
			isa = PBXGroup;
			children = (
				7D50ECD82CB2C19800B34B91 /* View++.swift */,
			);
			path = Extensions;
			sourceTree = "<group>";
		};
		7D50ECDA2CB2C8FC00B34B91 /* ReviewWriteView */ = {
			isa = PBXGroup;
			children = (
				7D50ECDB2CB2C92C00B34B91 /* ReviewWriteView.swift */,
				7D9A86B72CCD1D1000E0E415 /* ReviewWriteViewModel.swift */,
			);
			path = ReviewWriteView;
			sourceTree = "<group>";
		};
		7D50ED052CB3BEE700B34B91 /* Button */ = {
			isa = PBXGroup;
			children = (
				7D50ED062CB3BF0300B34B91 /* ShowDetailToggleButton.swift */,
			);
			path = Button;
			sourceTree = "<group>";
		};
		7D9A86B02CCBDCB200E0E415 /* View */ = {
			isa = PBXGroup;
			children = (
				7D9A86B12CCBDCC300E0E415 /* ReviewSectionView.swift */,
				7D9A86B32CCBFC1900E0E415 /* HStackMultipleLinesView.swift */,
				7D9A86B52CCCDA2D00E0E415 /* StarRatingView.swift */,
				7D9A86DE2CE8E85500E0E415 /* CircleMenuView.swift */,
				7D9A86E52CE9AD4500E0E415 /* StoreInfoHeaderView.swift */,
			);
			path = View;
			sourceTree = "<group>";
		};
		7D9A86B92CCD226900E0E415 /* Repository */ = {
			isa = PBXGroup;
			children = (
				7D9A86BA2CCD22D800E0E415 /* RepositoryType.swift */,
				7D9A86BC2CCD23F000E0E415 /* BaseRepository.swift */,
				7D9A86C52CE1D3EB00E0E415 /* MyStoreRepository.swift */,
			);
			path = Repository;
			sourceTree = "<group>";
		};
		7D9A86BE2CCE2F4200E0E415 /* Data */ = {
			isa = PBXGroup;
			children = (
				7D9A86D92CE3646700E0E415 /* FileManager */,
				7D9A86BF2CCE2F6000E0E415 /* DTO */,
				7D9A86B92CCD226900E0E415 /* Repository */,
			);
			path = Data;
			sourceTree = "<group>";
		};
		7D9A86BF2CCE2F6000E0E415 /* DTO */ = {
			isa = PBXGroup;
			children = (
				7D9A86C02CCE310C00E0E415 /* MyStoreDocumentsDTO.swift */,
			);
			path = DTO;
			sourceTree = "<group>";
		};
		7D9A86D52CE339B400E0E415 /* Enum */ = {
			isa = PBXGroup;
			children = (
				7D9A86D62CE339CC00E0E415 /* ReviewTag.swift */,
			);
			path = Enum;
			sourceTree = "<group>";
		};
		7D9A86D92CE3646700E0E415 /* FileManager */ = {
			isa = PBXGroup;
			children = (
				7D9A86DA2CE365A600E0E415 /* ImageSavingManager.swift */,
			);
			path = FileManager;
			sourceTree = "<group>";
		};
		7D9A86E02CE9925000E0E415 /* MyStoreListView */ = {
			isa = PBXGroup;
			children = (
				7D9A86E12CE9927500E0E415 /* MyStoreListView.swift */,
				7D9A86E32CE9951300E0E415 /* MyStoreListViewModel.swift */,
			);
			path = MyStoreListView;
			sourceTree = "<group>";
		};
		7DBBAA8F2CA2F5A6009171D2 /* Presentation */ = {
			isa = PBXGroup;
			children = (
				7D9A86E02CE9925000E0E415 /* MyStoreListView */,
				7D50ECDA2CB2C8FC00B34B91 /* ReviewWriteView */,
				7D50ECCC2CB2851E00B34B91 /* StoreWebView */,
				7DBBAA902CA2F5BD009171D2 /* MapView */,
			);
			path = Presentation;
			sourceTree = "<group>";
		};
		7DBBAA902CA2F5BD009171D2 /* MapView */ = {
			isa = PBXGroup;
			children = (
				7DBBAA912CA2F5E5009171D2 /* MapView.swift */,
				7DBBAA932CAC0FDE009171D2 /* LocationManager.swift */,
				7DBBAA952CAC15A9009171D2 /* MapViewModel.swift */,
				7DBBAAB12CAD609D009171D2 /* KakaoMapView.swift */,
				7DBBAAB62CAD6143009171D2 /* KakaoMapCoordinator.swift */,
			);
			path = MapView;
			sourceTree = "<group>";
		};
		7DBBAA972CACC951009171D2 /* Networking */ = {
			isa = PBXGroup;
			children = (
				7DBBAA982CACC968009171D2 /* NetworkManager.swift */,
				7DBBAA9A2CACC9B4009171D2 /* TargetType.swift */,
				7DBBAA9F2CACCA38009171D2 /* Router.swift */,
				7DBBAAA32CACCA96009171D2 /* APIURL.swift */,
				7DBBAAA52CACCAB6009171D2 /* APIKey.swift */,
			);
			path = Networking;
			sourceTree = "<group>";
		};
		7DBBAAA72CAD35A8009171D2 /* Models */ = {
			isa = PBXGroup;
			children = (
				7DBBAAA82CAD35CE009171D2 /* Location */,
			);
			path = Models;
			sourceTree = "<group>";
		};
		7DBBAAA82CAD35CE009171D2 /* Location */ = {
			isa = PBXGroup;
			children = (
				7DBBAAA92CAD364B009171D2 /* SearchLocation.swift */,
				7D9B54802CFAF33300253A5F /* SearchStoreImage.swift */,
			);
			path = Location;
			sourceTree = "<group>";
		};
		7DBBAAAE2CAD6036009171D2 /* Protocols */ = {
			isa = PBXGroup;
			children = (
				7DBBAAAF2CAD6046009171D2 /* ViewModelType.swift */,
			);
			path = Protocols;
			sourceTree = "<group>";
		};
		7DBBAAB32CAD60F3009171D2 /* Common */ = {
			isa = PBXGroup;
			children = (
				7D9A86D52CE339B400E0E415 /* Enum */,
				7DBBAAB42CAD6100009171D2 /* NameSpace.swift */,
				7D9A86DC2CE7450200E0E415 /* DateFormatManager.swift */,
			);
			path = Common;
			sourceTree = "<group>";
		};
		7DBBAAB82CAD623E009171D2 /* CustomView */ = {
			isa = PBXGroup;
			children = (
				7D9A86B02CCBDCB200E0E415 /* View */,
				7D50ED052CB3BEE700B34B91 /* Button */,
				7D50ECD02CB28D6200B34B91 /* WebView */,
				7DBBAAB92CAD624C009171D2 /* BottomSheet */,
				7D50ED0B2CB3F1C800B34B91 /* BaisicAsyncImage.swift */,
			);
			path = CustomView;
			sourceTree = "<group>";
		};
		7DBBAAB92CAD624C009171D2 /* BottomSheet */ = {
			isa = PBXGroup;
			children = (
				7DBBAABA2CAD6258009171D2 /* BottomSheetView.swift */,
			);
			path = BottomSheet;
			sourceTree = "<group>";
		};
		7DBBAABC2CAD6292009171D2 /* Assets */ = {
			isa = PBXGroup;
			children = (
				7D1AEFCD2C9F146200DD05FC /* Assets.xcassets */,
				7DBBAABD2CAD62BA009171D2 /* Colors.xcassets */,
			);
			path = Assets;
			sourceTree = "<group>";
		};
		7DBBAABF2CAD63E6009171D2 /* SupportingFiles */ = {
			isa = PBXGroup;
			children = (
				7DBBAAC02CAD63F6009171D2 /* AppDelegate.swift */,
			);
			path = SupportingFiles;
			sourceTree = "<group>";
		};
/* End PBXGroup section */

/* Begin PBXNativeTarget section */
		7D1AEFC52C9F146000DD05FC /* KoCo */ = {
			isa = PBXNativeTarget;
			buildConfigurationList = 7D1AEFD42C9F146200DD05FC /* Build configuration list for PBXNativeTarget "KoCo" */;
			buildPhases = (
				7D1AEFC22C9F146000DD05FC /* Sources */,
				7D1AEFC32C9F146000DD05FC /* Frameworks */,
				7D1AEFC42C9F146000DD05FC /* Resources */,
				7D9A86D42CE1EA5B00E0E415 /* Embed Frameworks */,
			);
			buildRules = (
			);
			dependencies = (
			);
			name = KoCo;
			packageProductDependencies = (
				7DBBAA9D2CACC9E2009171D2 /* Alamofire */,
				7DBBAAAC2CAD474C009171D2 /* KakaoMapsSDK-SPM */,
				7D9A86D12CE1E94900E0E415 /* RealmSwift */,
			);
			productName = KoCo;
			productReference = 7D1AEFC62C9F146000DD05FC /* KoCo.app */;
			productType = "com.apple.product-type.application";
		};
/* End PBXNativeTarget section */

/* Begin PBXProject section */
		7D1AEFBE2C9F146000DD05FC /* Project object */ = {
			isa = PBXProject;
			attributes = {
				BuildIndependentTargetsInParallel = 1;
				LastSwiftUpdateCheck = 1530;
				LastUpgradeCheck = 1530;
				TargetAttributes = {
					7D1AEFC52C9F146000DD05FC = {
						CreatedOnToolsVersion = 15.3;
					};
				};
			};
			buildConfigurationList = 7D1AEFC12C9F146000DD05FC /* Build configuration list for PBXProject "KoCo" */;
			compatibilityVersion = "Xcode 14.0";
			developmentRegion = en;
			hasScannedForEncodings = 0;
			knownRegions = (
				en,
				Base,
				ko,
				"zh-Hans",
			);
			mainGroup = 7D1AEFBD2C9F146000DD05FC;
			packageReferences = (
				7DBBAA9C2CACC9E2009171D2 /* XCRemoteSwiftPackageReference "Alamofire" */,
				7DBBAAAB2CAD474C009171D2 /* XCRemoteSwiftPackageReference "KakaoMapsSDK-SPM" */,
				7D9A86D02CE1E94900E0E415 /* XCRemoteSwiftPackageReference "realm-swift" */,
			);
			productRefGroup = 7D1AEFC72C9F146000DD05FC /* Products */;
			projectDirPath = "";
			projectRoot = "";
			targets = (
				7D1AEFC52C9F146000DD05FC /* KoCo */,
			);
		};
/* End PBXProject section */

/* Begin PBXResourcesBuildPhase section */
		7D1AEFC42C9F146000DD05FC /* Resources */ = {
			isa = PBXResourcesBuildPhase;
			buildActionMask = 2147483647;
			files = (
				7D1AEFD12C9F146200DD05FC /* Preview Assets.xcassets in Resources */,
				7D0C005B2CF1DC530026EB88 /* Localizable.xcstrings in Resources */,
				7DBBAABE2CAD62BA009171D2 /* Colors.xcassets in Resources */,
				7DBBAAA22CACCA79009171D2 /* .gitignore in Resources */,
				7D1AEFCE2C9F146200DD05FC /* Assets.xcassets in Resources */,
			);
			runOnlyForDeploymentPostprocessing = 0;
		};
/* End PBXResourcesBuildPhase section */

/* Begin PBXSourcesBuildPhase section */
		7D1AEFC22C9F146000DD05FC /* Sources */ = {
			isa = PBXSourcesBuildPhase;
			buildActionMask = 2147483647;
			files = (
				7D9A86C12CCE310C00E0E415 /* MyStoreDocumentsDTO.swift in Sources */,
				7D9A86E62CE9AD4600E0E415 /* StoreInfoHeaderView.swift in Sources */,
				7DBBAAB22CAD609D009171D2 /* KakaoMapView.swift in Sources */,
				7D50ECD62CB2BEF200B34B91 /* TextModifier.swift in Sources */,
				7DBBAAA02CACCA38009171D2 /* Router.swift in Sources */,
				7D9A86E42CE9951700E0E415 /* MyStoreListViewModel.swift in Sources */,
				7D9A86C62CE1D3EB00E0E415 /* MyStoreRepository.swift in Sources */,
				7DBBAAA42CACCA96009171D2 /* APIURL.swift in Sources */,
				7D9B54832D02B61F00253A5F /* ImageModifier.swift in Sources */,
				7DBBAA992CACC968009171D2 /* NetworkManager.swift in Sources */,
				7D9B54812CFAF33300253A5F /* SearchStoreImage.swift in Sources */,
				7D9A86DB2CE365A600E0E415 /* ImageSavingManager.swift in Sources */,
				7DBBAAAA2CAD364B009171D2 /* SearchLocation.swift in Sources */,
				7D50ECDC2CB2C92C00B34B91 /* ReviewWriteView.swift in Sources */,
				7D50ECD92CB2C19800B34B91 /* View++.swift in Sources */,
				7D50ED0C2CB3F1C800B34B91 /* BaisicAsyncImage.swift in Sources */,
				7D9A86BD2CCD23F000E0E415 /* BaseRepository.swift in Sources */,
				7DBBAA942CAC0FDE009171D2 /* LocationManager.swift in Sources */,
				7D50ECDE2CB2F02C00B34B91 /* ViewModifier.swift in Sources */,
				7DBBAAA62CACCAB7009171D2 /* APIKey.swift in Sources */,
				7D9A86DD2CE7450200E0E415 /* DateFormatManager.swift in Sources */,
				7DBBAA962CAC15A9009171D2 /* MapViewModel.swift in Sources */,
				7D1AEFCC2C9F146000DD05FC /* ContentView.swift in Sources */,
				7D9A86B42CCBFC1900E0E415 /* HStackMultipleLinesView.swift in Sources */,
				7D9A86DF2CE8E85500E0E415 /* CircleMenuView.swift in Sources */,
				7D9A86B22CCBDCC300E0E415 /* ReviewSectionView.swift in Sources */,
				7D9A86E22CE9927500E0E415 /* MyStoreListView.swift in Sources */,
				7DBBAABB2CAD6258009171D2 /* BottomSheetView.swift in Sources */,
				7D9A86B82CCD1D1000E0E415 /* ReviewWriteViewModel.swift in Sources */,
				7DBBAAB72CAD6143009171D2 /* KakaoMapCoordinator.swift in Sources */,
				7D9A86D72CE339CC00E0E415 /* ReviewTag.swift in Sources */,
				7DBBAAB02CAD6047009171D2 /* ViewModelType.swift in Sources */,
				7DBBAA922CA2F5E5009171D2 /* MapView.swift in Sources */,
				7D9A86BB2CCD22D800E0E415 /* RepositoryType.swift in Sources */,
				7D50ED072CB3BF0300B34B91 /* ShowDetailToggleButton.swift in Sources */,
				7D9A86B62CCCDA2D00E0E415 /* StarRatingView.swift in Sources */,
				7D50ECD22CB28D7500B34B91 /* WebView.swift in Sources */,
				7D50ECCE2CB285B200B34B91 /* StoreWebView.swift in Sources */,
				7DBBAAB52CAD6100009171D2 /* NameSpace.swift in Sources */,
				7D1AEFCA2C9F146000DD05FC /* KoCoApp.swift in Sources */,
				7DBBAAC12CAD63F6009171D2 /* AppDelegate.swift in Sources */,
				7DBBAA9B2CACC9B4009171D2 /* TargetType.swift in Sources */,
			);
			runOnlyForDeploymentPostprocessing = 0;
		};
/* End PBXSourcesBuildPhase section */

/* Begin XCBuildConfiguration section */
		7D1AEFD22C9F146200DD05FC /* Debug */ = {
			isa = XCBuildConfiguration;
			buildSettings = {
				ALWAYS_SEARCH_USER_PATHS = NO;
				ASSETCATALOG_COMPILER_GENERATE_SWIFT_ASSET_SYMBOL_EXTENSIONS = YES;
				CLANG_ANALYZER_NONNULL = YES;
				CLANG_ANALYZER_NUMBER_OBJECT_CONVERSION = YES_AGGRESSIVE;
				CLANG_CXX_LANGUAGE_STANDARD = "gnu++20";
				CLANG_ENABLE_MODULES = YES;
				CLANG_ENABLE_OBJC_ARC = YES;
				CLANG_ENABLE_OBJC_WEAK = YES;
				CLANG_WARN_BLOCK_CAPTURE_AUTORELEASING = YES;
				CLANG_WARN_BOOL_CONVERSION = YES;
				CLANG_WARN_COMMA = YES;
				CLANG_WARN_CONSTANT_CONVERSION = YES;
				CLANG_WARN_DEPRECATED_OBJC_IMPLEMENTATIONS = YES;
				CLANG_WARN_DIRECT_OBJC_ISA_USAGE = YES_ERROR;
				CLANG_WARN_DOCUMENTATION_COMMENTS = YES;
				CLANG_WARN_EMPTY_BODY = YES;
				CLANG_WARN_ENUM_CONVERSION = YES;
				CLANG_WARN_INFINITE_RECURSION = YES;
				CLANG_WARN_INT_CONVERSION = YES;
				CLANG_WARN_NON_LITERAL_NULL_CONVERSION = YES;
				CLANG_WARN_OBJC_IMPLICIT_RETAIN_SELF = YES;
				CLANG_WARN_OBJC_LITERAL_CONVERSION = YES;
				CLANG_WARN_OBJC_ROOT_CLASS = YES_ERROR;
				CLANG_WARN_QUOTED_INCLUDE_IN_FRAMEWORK_HEADER = YES;
				CLANG_WARN_RANGE_LOOP_ANALYSIS = YES;
				CLANG_WARN_STRICT_PROTOTYPES = YES;
				CLANG_WARN_SUSPICIOUS_MOVE = YES;
				CLANG_WARN_UNGUARDED_AVAILABILITY = YES_AGGRESSIVE;
				CLANG_WARN_UNREACHABLE_CODE = YES;
				CLANG_WARN__DUPLICATE_METHOD_MATCH = YES;
				COPY_PHASE_STRIP = NO;
				DEBUG_INFORMATION_FORMAT = dwarf;
				ENABLE_STRICT_OBJC_MSGSEND = YES;
				ENABLE_TESTABILITY = YES;
				ENABLE_USER_SCRIPT_SANDBOXING = YES;
				GCC_C_LANGUAGE_STANDARD = gnu17;
				GCC_DYNAMIC_NO_PIC = NO;
				GCC_NO_COMMON_BLOCKS = YES;
				GCC_OPTIMIZATION_LEVEL = 0;
				GCC_PREPROCESSOR_DEFINITIONS = (
					"DEBUG=1",
					"$(inherited)",
				);
				GCC_WARN_64_TO_32_BIT_CONVERSION = YES;
				GCC_WARN_ABOUT_RETURN_TYPE = YES_ERROR;
				GCC_WARN_UNDECLARED_SELECTOR = YES;
				GCC_WARN_UNINITIALIZED_AUTOS = YES_AGGRESSIVE;
				GCC_WARN_UNUSED_FUNCTION = YES;
				GCC_WARN_UNUSED_VARIABLE = YES;
				IPHONEOS_DEPLOYMENT_TARGET = 17.4;
				LOCALIZATION_PREFERS_STRING_CATALOGS = YES;
				MTL_ENABLE_DEBUG_INFO = INCLUDE_SOURCE;
				MTL_FAST_MATH = YES;
				ONLY_ACTIVE_ARCH = YES;
				SDKROOT = iphoneos;
				SWIFT_ACTIVE_COMPILATION_CONDITIONS = "DEBUG $(inherited)";
				SWIFT_OPTIMIZATION_LEVEL = "-Onone";
			};
			name = Debug;
		};
		7D1AEFD32C9F146200DD05FC /* Release */ = {
			isa = XCBuildConfiguration;
			buildSettings = {
				ALWAYS_SEARCH_USER_PATHS = NO;
				ASSETCATALOG_COMPILER_GENERATE_SWIFT_ASSET_SYMBOL_EXTENSIONS = YES;
				CLANG_ANALYZER_NONNULL = YES;
				CLANG_ANALYZER_NUMBER_OBJECT_CONVERSION = YES_AGGRESSIVE;
				CLANG_CXX_LANGUAGE_STANDARD = "gnu++20";
				CLANG_ENABLE_MODULES = YES;
				CLANG_ENABLE_OBJC_ARC = YES;
				CLANG_ENABLE_OBJC_WEAK = YES;
				CLANG_WARN_BLOCK_CAPTURE_AUTORELEASING = YES;
				CLANG_WARN_BOOL_CONVERSION = YES;
				CLANG_WARN_COMMA = YES;
				CLANG_WARN_CONSTANT_CONVERSION = YES;
				CLANG_WARN_DEPRECATED_OBJC_IMPLEMENTATIONS = YES;
				CLANG_WARN_DIRECT_OBJC_ISA_USAGE = YES_ERROR;
				CLANG_WARN_DOCUMENTATION_COMMENTS = YES;
				CLANG_WARN_EMPTY_BODY = YES;
				CLANG_WARN_ENUM_CONVERSION = YES;
				CLANG_WARN_INFINITE_RECURSION = YES;
				CLANG_WARN_INT_CONVERSION = YES;
				CLANG_WARN_NON_LITERAL_NULL_CONVERSION = YES;
				CLANG_WARN_OBJC_IMPLICIT_RETAIN_SELF = YES;
				CLANG_WARN_OBJC_LITERAL_CONVERSION = YES;
				CLANG_WARN_OBJC_ROOT_CLASS = YES_ERROR;
				CLANG_WARN_QUOTED_INCLUDE_IN_FRAMEWORK_HEADER = YES;
				CLANG_WARN_RANGE_LOOP_ANALYSIS = YES;
				CLANG_WARN_STRICT_PROTOTYPES = YES;
				CLANG_WARN_SUSPICIOUS_MOVE = YES;
				CLANG_WARN_UNGUARDED_AVAILABILITY = YES_AGGRESSIVE;
				CLANG_WARN_UNREACHABLE_CODE = YES;
				CLANG_WARN__DUPLICATE_METHOD_MATCH = YES;
				COPY_PHASE_STRIP = NO;
				DEBUG_INFORMATION_FORMAT = "dwarf-with-dsym";
				ENABLE_NS_ASSERTIONS = NO;
				ENABLE_STRICT_OBJC_MSGSEND = YES;
				ENABLE_USER_SCRIPT_SANDBOXING = YES;
				GCC_C_LANGUAGE_STANDARD = gnu17;
				GCC_NO_COMMON_BLOCKS = YES;
				GCC_WARN_64_TO_32_BIT_CONVERSION = YES;
				GCC_WARN_ABOUT_RETURN_TYPE = YES_ERROR;
				GCC_WARN_UNDECLARED_SELECTOR = YES;
				GCC_WARN_UNINITIALIZED_AUTOS = YES_AGGRESSIVE;
				GCC_WARN_UNUSED_FUNCTION = YES;
				GCC_WARN_UNUSED_VARIABLE = YES;
				IPHONEOS_DEPLOYMENT_TARGET = 17.4;
				LOCALIZATION_PREFERS_STRING_CATALOGS = YES;
				MTL_ENABLE_DEBUG_INFO = NO;
				MTL_FAST_MATH = YES;
				SDKROOT = iphoneos;
				SWIFT_COMPILATION_MODE = wholemodule;
				VALIDATE_PRODUCT = YES;
			};
			name = Release;
		};
		7D1AEFD52C9F146200DD05FC /* Debug */ = {
			isa = XCBuildConfiguration;
			buildSettings = {
				ASSETCATALOG_COMPILER_APPICON_NAME = AppIcon;
				ASSETCATALOG_COMPILER_GLOBAL_ACCENT_COLOR_NAME = AccentColor;
				CODE_SIGN_STYLE = Automatic;
				CURRENT_PROJECT_VERSION = 1;
				DEVELOPMENT_ASSET_PATHS = "\"KoCo/Preview Content\"";
				DEVELOPMENT_TEAM = 5B4DDA3JD6;
				ENABLE_PREVIEWS = YES;
				GENERATE_INFOPLIST_FILE = YES;
				INFOPLIST_FILE = KoCo/Info.plist;
				INFOPLIST_KEY_NSLocationWhenInUseUsageDescription = "주변의 화장품 매장을 찾기 위해 현재 위치에 접근을 허용해주세요.";
				INFOPLIST_KEY_UIApplicationSceneManifest_Generation = YES;
				INFOPLIST_KEY_UIApplicationSupportsIndirectInputEvents = YES;
				INFOPLIST_KEY_UILaunchScreen_Generation = YES;
				INFOPLIST_KEY_UISupportedInterfaceOrientations = UIInterfaceOrientationPortrait;
				INFOPLIST_KEY_UISupportedInterfaceOrientations_iPad = UIInterfaceOrientationPortrait;
				IPHONEOS_DEPLOYMENT_TARGET = 16.0;
				LD_RUNPATH_SEARCH_PATHS = (
					"$(inherited)",
					"@executable_path/Frameworks",
				);
				MARKETING_VERSION = 1.0;
				PRODUCT_BUNDLE_IDENTIFIER = com.yeonju.KoCo;
				PRODUCT_NAME = "$(TARGET_NAME)";
				SUPPORTED_PLATFORMS = "iphoneos iphonesimulator";
				SUPPORTS_MACCATALYST = NO;
				SUPPORTS_MAC_DESIGNED_FOR_IPHONE_IPAD = NO;
				SUPPORTS_XR_DESIGNED_FOR_IPHONE_IPAD = NO;
				SWIFT_EMIT_LOC_STRINGS = YES;
				SWIFT_VERSION = 5.0;
				TARGETED_DEVICE_FAMILY = 1;
			};
			name = Debug;
		};
		7D1AEFD62C9F146200DD05FC /* Release */ = {
			isa = XCBuildConfiguration;
			buildSettings = {
				ASSETCATALOG_COMPILER_APPICON_NAME = AppIcon;
				ASSETCATALOG_COMPILER_GLOBAL_ACCENT_COLOR_NAME = AccentColor;
				CODE_SIGN_STYLE = Automatic;
				CURRENT_PROJECT_VERSION = 1;
				DEVELOPMENT_ASSET_PATHS = "\"KoCo/Preview Content\"";
				DEVELOPMENT_TEAM = 5B4DDA3JD6;
				ENABLE_PREVIEWS = YES;
				GENERATE_INFOPLIST_FILE = YES;
				INFOPLIST_FILE = KoCo/Info.plist;
				INFOPLIST_KEY_NSLocationWhenInUseUsageDescription = "주변의 화장품 매장을 찾기 위해 현재 위치에 접근을 허용해주세요.";
				INFOPLIST_KEY_UIApplicationSceneManifest_Generation = YES;
				INFOPLIST_KEY_UIApplicationSupportsIndirectInputEvents = YES;
				INFOPLIST_KEY_UILaunchScreen_Generation = YES;
				INFOPLIST_KEY_UISupportedInterfaceOrientations = UIInterfaceOrientationPortrait;
				INFOPLIST_KEY_UISupportedInterfaceOrientations_iPad = UIInterfaceOrientationPortrait;
				IPHONEOS_DEPLOYMENT_TARGET = 16.0;
				LD_RUNPATH_SEARCH_PATHS = (
					"$(inherited)",
					"@executable_path/Frameworks",
				);
				MARKETING_VERSION = 1.0;
				PRODUCT_BUNDLE_IDENTIFIER = com.yeonju.KoCo;
				PRODUCT_NAME = "$(TARGET_NAME)";
				SUPPORTED_PLATFORMS = "iphoneos iphonesimulator";
				SUPPORTS_MACCATALYST = NO;
				SUPPORTS_MAC_DESIGNED_FOR_IPHONE_IPAD = NO;
				SUPPORTS_XR_DESIGNED_FOR_IPHONE_IPAD = NO;
				SWIFT_EMIT_LOC_STRINGS = YES;
				SWIFT_VERSION = 5.0;
				TARGETED_DEVICE_FAMILY = 1;
			};
			name = Release;
		};
/* End XCBuildConfiguration section */

/* Begin XCConfigurationList section */
		7D1AEFC12C9F146000DD05FC /* Build configuration list for PBXProject "KoCo" */ = {
			isa = XCConfigurationList;
			buildConfigurations = (
				7D1AEFD22C9F146200DD05FC /* Debug */,
				7D1AEFD32C9F146200DD05FC /* Release */,
			);
			defaultConfigurationIsVisible = 0;
			defaultConfigurationName = Release;
		};
		7D1AEFD42C9F146200DD05FC /* Build configuration list for PBXNativeTarget "KoCo" */ = {
			isa = XCConfigurationList;
			buildConfigurations = (
				7D1AEFD52C9F146200DD05FC /* Debug */,
				7D1AEFD62C9F146200DD05FC /* Release */,
			);
			defaultConfigurationIsVisible = 0;
			defaultConfigurationName = Release;
		};
/* End XCConfigurationList section */

/* Begin XCRemoteSwiftPackageReference section */
		7D9A86D02CE1E94900E0E415 /* XCRemoteSwiftPackageReference "realm-swift" */ = {
			isa = XCRemoteSwiftPackageReference;
			repositoryURL = "https://github.com/realm/realm-swift.git";
			requirement = {
				kind = exactVersion;
				version = 10.53.0;
			};
		};
		7DBBAA9C2CACC9E2009171D2 /* XCRemoteSwiftPackageReference "Alamofire" */ = {
			isa = XCRemoteSwiftPackageReference;
			repositoryURL = "https://github.com/Alamofire/Alamofire.git";
			requirement = {
				kind = upToNextMajorVersion;
				minimumVersion = 5.9.1;
			};
		};
		7DBBAAAB2CAD474C009171D2 /* XCRemoteSwiftPackageReference "KakaoMapsSDK-SPM" */ = {
			isa = XCRemoteSwiftPackageReference;
			repositoryURL = "https://github.com/kakao-mapsSDK/KakaoMapsSDK-SPM.git";
			requirement = {
				kind = upToNextMajorVersion;
				minimumVersion = 2.12.0;
			};
		};
/* End XCRemoteSwiftPackageReference section */

/* Begin XCSwiftPackageProductDependency section */
		7D9A86D12CE1E94900E0E415 /* RealmSwift */ = {
			isa = XCSwiftPackageProductDependency;
			package = 7D9A86D02CE1E94900E0E415 /* XCRemoteSwiftPackageReference "realm-swift" */;
			productName = RealmSwift;
		};
		7DBBAA9D2CACC9E2009171D2 /* Alamofire */ = {
			isa = XCSwiftPackageProductDependency;
			package = 7DBBAA9C2CACC9E2009171D2 /* XCRemoteSwiftPackageReference "Alamofire" */;
			productName = Alamofire;
		};
		7DBBAAAC2CAD474C009171D2 /* KakaoMapsSDK-SPM */ = {
			isa = XCSwiftPackageProductDependency;
			package = 7DBBAAAB2CAD474C009171D2 /* XCRemoteSwiftPackageReference "KakaoMapsSDK-SPM" */;
			productName = "KakaoMapsSDK-SPM";
		};
/* End XCSwiftPackageProductDependency section */
	};
	rootObject = 7D1AEFBE2C9F146000DD05FC /* Project object */;
}
